{
  "name": "task-6",
  "version": "1.0.0",
  "lockfileVersion": 3,
  "requires": true,
  "packages": {
    "": {
      "name": "task-6",
      "version": "1.0.0",
      "license": "ISC",
      "dependencies": {
        "tracking-number-validation": "^2.0.2"
      }
    },
    "node_modules/tracking-number-validation": {
      "version": "2.0.2",
      "resolved": "https://registry.npmjs.org/tracking-number-validation/-/tracking-number-validation-2.0.2.tgz",
      "integrity": "sha512-wJRXxMeDnJxQrT/DUwcm7J6phAIKxj2pXdVkCvxO8EKpH7yaiX3uEiNr3uoBF3OmwARl9DqhjEeO5Gv4MdPUVg=="
    }
  }
}
